
Microsoft Visual Studio Solution File, Format Version 12.00
# Visual Studio Version 17
VisualStudioVersion = 17.2.32602.215
MinimumVisualStudioVersion = 10.0.40219.1
Project("{9A19103F-16F7-4668-BE54-9A1E7A4F7556}") = "CodeFirst", "CodeFirst.csproj", "{0680EC08-413F-40C8-BD32-05CA7E1159FF}"
EndProject
Global
	GlobalSection(SolutionConfigurationPlatforms) = preSolution
		Debug|Any CPU = Debug|Any CPU
		Release|Any CPU = Release|Any CPU
	EndGlobalSection
	GlobalSection(ProjectConfigurationPlatforms) = postSolution
		{0680EC08-413F-40C8-BD32-05CA7E1159FF}.Debug|Any CPU.ActiveCfg = Debug|Any CPU
		{0680EC08-413F-40C8-BD32-05CA7E1159FF}.Debug|Any CPU.Build.0 = Debug|Any CPU
		{0680EC08-413F-40C8-BD32-05CA7E1159FF}.Release|Any CPU.ActiveCfg = Release|Any CPU
		{0680EC08-413F-40C8-BD32-05CA7E1159FF}.Release|Any CPU.Build.0 = Release|Any CPU
	EndGlobalSection
	GlobalSection(SolutionProperties) = preSolution
		HideSolutionNode = FALSE
	EndGlobalSection
	GlobalSection(ExtensibilityGlobals) = postSolution
		SolutionGuid = {5D14FEC2-8879-4DAD-A9B7-6C5DB55120F4}
	EndGlobalSection
EndGlobal
